
Microsoft Visual Studio Solution File, Format Version 12.00
# Visual Studio Version 17
VisualStudioVersion = 17.4.33403.182
MinimumVisualStudioVersion = 10.0.40219.1
Project("{FAE04EC0-301F-11D3-BF4B-00C04F79EFBC}") = "FrenBot", "FrenBot.csproj", "{AFBD1C35-F0AE-418C-B344-34F1801DD8BE}"
EndProject
Global
	GlobalSection(SolutionConfigurationPlatforms) = preSolution
		Debug|Any CPU = Debug|Any CPU
		Release|Any CPU = Release|Any CPU
	EndGlobalSection
	GlobalSection(ProjectConfigurationPlatforms) = postSolution
		{AFBD1C35-F0AE-418C-B344-34F1801DD8BE}.Debug|Any CPU.ActiveCfg = Debug|Any CPU
		{AFBD1C35-F0AE-418C-B344-34F1801DD8BE}.Debug|Any CPU.Build.0 = Debug|Any CPU
		{AFBD1C35-F0AE-418C-B344-34F1801DD8BE}.Release|Any CPU.ActiveCfg = Release|Any CPU
		{AFBD1C35-F0AE-418C-B344-34F1801DD8BE}.Release|Any CPU.Build.0 = Release|Any CPU
	EndGlobalSection
	GlobalSection(SolutionProperties) = preSolution
		HideSolutionNode = FALSE
	EndGlobalSection
	GlobalSection(ExtensibilityGlobals) = postSolution
		SolutionGuid = {F13B1CFA-55BF-422C-8AEF-8D301D1EFA68}
	EndGlobalSection
EndGlobal
